
Microsoft Visual Studio Solution File, Format Version 12.00
# Visual Studio Version 17
VisualStudioVersion = 17.2.32602.215
MinimumVisualStudioVersion = 10.0.40219.1
Project("{FAE04EC0-301F-11D3-BF4B-00C04F79EFBC}") = "FootballteamBOT", "FootballteamBOT.csproj", "{30CE0D7A-62AD-4A8D-A814-F5AAEC35CC16}"
EndProject
Global
	GlobalSection(SolutionConfigurationPlatforms) = preSolution
		Debug|Any CPU = Debug|Any CPU
		Release|Any CPU = Release|Any CPU
	EndGlobalSection
	GlobalSection(ProjectConfigurationPlatforms) = postSolution
		{30CE0D7A-62AD-4A8D-A814-F5AAEC35CC16}.Debug|Any CPU.ActiveCfg = Debug|Any CPU
		{30CE0D7A-62AD-4A8D-A814-F5AAEC35CC16}.Debug|Any CPU.Build.0 = Debug|Any CPU
		{30CE0D7A-62AD-4A8D-A814-F5AAEC35CC16}.Release|Any CPU.ActiveCfg = Release|Any CPU
		{30CE0D7A-62AD-4A8D-A814-F5AAEC35CC16}.Release|Any CPU.Build.0 = Release|Any CPU
	EndGlobalSection
	GlobalSection(SolutionProperties) = preSolution
		HideSolutionNode = FALSE
	EndGlobalSection
	GlobalSection(ExtensibilityGlobals) = postSolution
		SolutionGuid = {7EEAAA42-4DB3-4831-82F3-A74938E2C4D2}
	EndGlobalSection
EndGlobal
